Microsoft Visual Studio Solution File, Format Version 12.00
# Visual Studio 15
VisualStudioVersion = 15.0.26403.3
MinimumVisualStudioVersion = 10.0.40219.1
Project("{8BC9CEB8-8B4A-11D0-8D11-00A0C91BC942}") = "SLAM.exe", "SLAM.exe.vcxproj", "{3DF08436-FFBE-3064-8241-6689519C1FD7}"
EndProject
Global
	GlobalSection(SolutionConfigurationPlatforms) = preSolution
		D1|x64 = D1|x64
		D3|x64 = D3|x64
		Debug|x64 = Debug|x64
		E1|x64 = E1|x64
		E2|x64 = E2|x64
		H1|x64 = H1|x64
		H2|x64 = H2|x64
		MinSizeRel|x64 = MinSizeRel|x64
		Release|x64 = Release|x64
		RelWithDebInfo|x64 = RelWithDebInfo|x64
	EndGlobalSection
	GlobalSection(ProjectConfigurationPlatforms) = postSolution
		{3DF08436-FFBE-3064-8241-6689519C1FD7}.D1|x64.ActiveCfg = D1|x64
		{3DF08436-FFBE-3064-8241-6689519C1FD7}.D1|x64.Build.0 = D1|x64
		{3DF08436-FFBE-3064-8241-6689519C1FD7}.D3|x64.ActiveCfg = D3|x64
		{3DF08436-FFBE-3064-8241-6689519C1FD7}.D3|x64.Build.0 = D3|x64
		{3DF08436-FFBE-3064-8241-6689519C1FD7}.Debug|x64.ActiveCfg = Debug|x64
		{3DF08436-FFBE-3064-8241-6689519C1FD7}.Debug|x64.Build.0 = Debug|x64
		{3DF08436-FFBE-3064-8241-6689519C1FD7}.E1|x64.ActiveCfg = E1|x64
		{3DF08436-FFBE-3064-8241-6689519C1FD7}.E1|x64.Build.0 = E1|x64
		{3DF08436-FFBE-3064-8241-6689519C1FD7}.E2|x64.ActiveCfg = E2|x64
		{3DF08436-FFBE-3064-8241-6689519C1FD7}.E2|x64.Build.0 = E2|x64
		{3DF08436-FFBE-3064-8241-6689519C1FD7}.H1|x64.ActiveCfg = H1|x64
		{3DF08436-FFBE-3064-8241-6689519C1FD7}.H1|x64.Build.0 = H1|x64
		{3DF08436-FFBE-3064-8241-6689519C1FD7}.H2|x64.ActiveCfg = H2|x64
		{3DF08436-FFBE-3064-8241-6689519C1FD7}.H2|x64.Build.0 = H2|x64
		{3DF08436-FFBE-3064-8241-6689519C1FD7}.MinSizeRel|x64.ActiveCfg = MinSizeRel|x64
		{3DF08436-FFBE-3064-8241-6689519C1FD7}.MinSizeRel|x64.Build.0 = MinSizeRel|x64
		{3DF08436-FFBE-3064-8241-6689519C1FD7}.Release|x64.ActiveCfg = Release|x64
		{3DF08436-FFBE-3064-8241-6689519C1FD7}.Release|x64.Build.0 = Release|x64
		{3DF08436-FFBE-3064-8241-6689519C1FD7}.RelWithDebInfo|x64.ActiveCfg = RelWithDebInfo|x64
		{3DF08436-FFBE-3064-8241-6689519C1FD7}.RelWithDebInfo|x64.Build.0 = RelWithDebInfo|x64
	EndGlobalSection
	GlobalSection(SolutionProperties) = preSolution
		HideSolutionNode = FALSE
	EndGlobalSection
EndGlobal
