<?xml version="1.0" encoding="utf-8"?>
<Project ToolsVersion="15.0" xmlns="http://schemas.microsoft.com/developer/msbuild/2003">
  <ItemGroup>
    <ClCompile Include="G:\Documents\Projects\icp-slam-prototype\icp.cpp">
      <Filter>Source Files</Filter>
    </ClCompile>
    <ClCompile Include="G:\Documents\Projects\icp-slam-prototype\quaternion.cpp">
      <Filter>Source Files</Filter>
    </ClCompile>
    <ClCompile Include="G:\Documents\Projects\icp-slam-prototype\pointcloud.cpp">
      <Filter>Source Files</Filter>
    </ClCompile>
    <ClCompile Include="G:\Documents\Projects\icp-slam-prototype\map.cpp">
      <Filter>Source Files</Filter>
    </ClCompile>
    <ClCompile Include="G:\Documents\Projects\icp-slam-prototype\SLAM.cpp">
      <Filter>Source Files</Filter>
    </ClCompile>
  </ItemGroup>
  <ItemGroup>
    <ClInclude Include="G:\Documents\Projects\icp-slam-prototype\SLAM.hpp">
      <Filter>Header Files</Filter>
    </ClInclude>
    <ClInclude Include="G:\Documents\Projects\icp-slam-prototype\icp.hpp">
      <Filter>Header Files</Filter>
    </ClInclude>
    <ClInclude Include="G:\Documents\Projects\icp-slam-prototype\quaternion.hpp">
      <Filter>Header Files</Filter>
    </ClInclude>
    <ClInclude Include="G:\Documents\Projects\icp-slam-prototype\pointcloud.hpp">
      <Filter>Header Files</Filter>
    </ClInclude>
    <ClInclude Include="G:\Documents\Projects\icp-slam-prototype\map.hpp">
      <Filter>Header Files</Filter>
    </ClInclude>
    <ClInclude Include="..\Fixed.hpp">
      <Filter>Header Files</Filter>
    </ClInclude>
  </ItemGroup>
  <ItemGroup>
    <CustomBuild Include="G:\Documents\Projects\icp-slam-prototype\CMakeLists.txt" />
  </ItemGroup>
  <ItemGroup>
    <Filter Include="Source Files">
      <UniqueIdentifier>{B94153A4-6957-38F4-B948-18AF086DACC5}</UniqueIdentifier>
    </Filter>
    <Filter Include="Header Files">
      <UniqueIdentifier>{8FD0C53A-385D-3B17-8E60-576740175B99}</UniqueIdentifier>
    </Filter>
  </ItemGroup>
  <ItemGroup>
    <Text Include="log.txt" />
  </ItemGroup>
</Project>